# This file is generated by running "yarn install" inside your project.
# Manual changes might be lost - proceed with caution!

__metadata:
  version: 8
  cacheKey: 10c0

"demo@workspace:.":
  version: 0.0.0-use.local
  resolution: "demo@workspace:."
  dependencies:
    not-really-a-package: "npm:^1.0.1"
  languageName: unknown
  linkType: soft

"not-really-a-package@npm:^1.0.1":
  version: 1.0.1
  resolution: "not-really-a-package@npm:1.0.1"
  checksum: 10c0/285ecfc8010492934321d763dd095244472734d93e9a56e2618c2da41bb9b6017f0798b4c27462c81afc80335920f9ddfe07579ac87d8871f35b608bdd17d849
  languageName: node
  linkType: hard
